{
	"name": "react-binary-viewer",
	"version": "0.0.1",
	"lockfileVersion": 1,
	"requires": true,
	"dependencies": {
		"@types/node": {
			"version": "12.7.5",
			"resolved": "https://registry.npmjs.org/@types/node/-/node-12.7.5.tgz",
			"integrity": "sha512-9fq4jZVhPNW8r+UYKnxF1e2HkDWOWKM5bC2/7c9wPV835I0aOrVbS/Hw/pWPk2uKrNXQqg9Z959Kz+IYDd5p3w==",
			"dev": true
		},
		"csstype": {
			"version": "2.6.6",
			"resolved": "https://registry.npmjs.org/csstype/-/csstype-2.6.6.tgz",
			"integrity": "sha512-RpFbQGUE74iyPgvr46U9t1xoQBM8T4BL8SxrN66Le2xYAPSaDJJKeztV3awugusb3g3G9iL8StmkBBXhcbbXhg==",
			"dev": true
		},
		"deepmerge": {
			"version": "4.0.0",
			"resolved": "https://registry.npmjs.org/deepmerge/-/deepmerge-4.0.0.tgz",
			"integrity": "sha512-YZ1rOP5+kHor4hMAH+HRQnBQHg+wvS1un1hAOuIcxcBy0hzcUf6Jg2a1w65kpoOUnurOfZbERwjI1TfZxNjcww=="
		},
		"pegjs": {
			"version": "0.10.0",
			"resolved": "https://registry.npmjs.org/pegjs/-/pegjs-0.10.0.tgz",
			"integrity": "sha1-z4uvrm7d/0tafvsYUmnqr0YQ3b0=",
			"dev": true
		},
		"ts-pegjs": {
			"version": "0.2.6",
			"resolved": "https://registry.npmjs.org/ts-pegjs/-/ts-pegjs-0.2.6.tgz",
			"integrity": "sha512-mIX/dMQ6a1EHAEhvCLS6Z41+O700zlLiwB4V5ZSlKFLZKLDE93reik5IFw/HJsKgs488UiLx144yeEWWyu7YIw==",
			"dev": true,
			"requires": {
				"pegjs": "^0.10.0"
			}
		},
		"typescript": {
			"version": "3.6.3",
			"resolved": "https://registry.npmjs.org/typescript/-/typescript-3.6.3.tgz",
			"integrity": "sha512-N7bceJL1CtRQ2RiG0AQME13ksR7DiuQh/QehubYcghzv20tnh+MQnQIuJddTmsbqYj+dztchykemz0zFzlvdQw==",
			"dev": true
		}
	}
}
